// !$*UTF8*$!
{
	archiveVersion = 1;
	classes = {
	};
	objectVersion = 46;
	objects = {

/* Begin PBXBuildFile section */
		40AEBF891DBCD87200AD95D1 /* main.m in Sources */ = {isa = PBXBuildFile; fileRef = 40AEBF881DBCD87200AD95D1 /* main.m */; };
		40AEBF8C1DBCD87200AD95D1 /* AppDelegate.m in Sources */ = {isa = PBXBuildFile; fileRef = 40AEBF8B1DBCD87200AD95D1 /* AppDelegate.m */; };
		40AEBF941DBCD87200AD95D1 /* Assets.xcassets in Resources */ = {isa = PBXBuildFile; fileRef = 40AEBF931DBCD87200AD95D1 /* Assets.xcassets */; };
		40AEBF971DBCD87200AD95D1 /* LaunchScreen.storyboard in Resources */ = {isa = PBXBuildFile; fileRef = 40AEBF951DBCD87200AD95D1 /* LaunchScreen.storyboard */; };
		40AEBFA01DBCD8A600AD95D1 /* AssetInfoCollectionViewCell.m in Sources */ = {isa = PBXBuildFile; fileRef = 40AEBF9F1DBCD8A600AD95D1 /* AssetInfoCollectionViewCell.m */; };
		40AEBFA31DBCD8BE00AD95D1 /* AssetsCollectionViewController.m in Sources */ = {isa = PBXBuildFile; fileRef = 40AEBFA21DBCD8BE00AD95D1 /* AssetsCollectionViewController.m */; };
		40AEBFA61DBD0B6800AD95D1 /* Fetcher.m in Sources */ = {isa = PBXBuildFile; fileRef = 40AEBFA51DBD0B6800AD95D1 /* Fetcher.m */; };
/* End PBXBuildFile section */

/* Begin PBXFileReference section */
		40AEBF841DBCD87200AD95D1 /* PhotosAppInterviewAssigment.app */ = {isa = PBXFileReference; explicitFileType = wrapper.application; includeInIndex = 0; path = PhotosAppInterviewAssigment.app; sourceTree = BUILT_PRODUCTS_DIR; };
		40AEBF881DBCD87200AD95D1 /* main.m */ = {isa = PBXFileReference; lastKnownFileType = sourcecode.c.objc; path = main.m; sourceTree = "<group>"; };
		40AEBF8A1DBCD87200AD95D1 /* AppDelegate.h */ = {isa = PBXFileReference; lastKnownFileType = sourcecode.c.h; path = AppDelegate.h; sourceTree = "<group>"; };
		40AEBF8B1DBCD87200AD95D1 /* AppDelegate.m */ = {isa = PBXFileReference; lastKnownFileType = sourcecode.c.objc; path = AppDelegate.m; sourceTree = "<group>"; };
		40AEBF931DBCD87200AD95D1 /* Assets.xcassets */ = {isa = PBXFileReference; lastKnownFileType = folder.assetcatalog; path = Assets.xcassets; sourceTree = "<group>"; };
		40AEBF961DBCD87200AD95D1 /* Base */ = {isa = PBXFileReference; lastKnownFileType = file.storyboard; name = Base; path = Base.lproj/LaunchScreen.storyboard; sourceTree = "<group>"; };
		40AEBF981DBCD87200AD95D1 /* Info.plist */ = {isa = PBXFileReference; lastKnownFileType = text.plist.xml; path = Info.plist; sourceTree = "<group>"; };
		40AEBF9E1DBCD8A600AD95D1 /* AssetInfoCollectionViewCell.h */ = {isa = PBXFileReference; fileEncoding = 4; lastKnownFileType = sourcecode.c.h; path = AssetInfoCollectionViewCell.h; sourceTree = "<group>"; };
		40AEBF9F1DBCD8A600AD95D1 /* AssetInfoCollectionViewCell.m */ = {isa = PBXFileReference; fileEncoding = 4; lastKnownFileType = sourcecode.c.objc; path = AssetInfoCollectionViewCell.m; sourceTree = "<group>"; };
		40AEBFA11DBCD8BE00AD95D1 /* AssetsCollectionViewController.h */ = {isa = PBXFileReference; fileEncoding = 4; lastKnownFileType = sourcecode.c.h; path = AssetsCollectionViewController.h; sourceTree = "<group>"; };
		40AEBFA21DBCD8BE00AD95D1 /* AssetsCollectionViewController.m */ = {isa = PBXFileReference; fileEncoding = 4; lastKnownFileType = sourcecode.c.objc; path = AssetsCollectionViewController.m; sourceTree = "<group>"; };
		40AEBFA41DBD0B6800AD95D1 /* Fetcher.h */ = {isa = PBXFileReference; fileEncoding = 4; lastKnownFileType = sourcecode.c.h; path = Fetcher.h; sourceTree = "<group>"; };
		40AEBFA51DBD0B6800AD95D1 /* Fetcher.m */ = {isa = PBXFileReference; fileEncoding = 4; lastKnownFileType = sourcecode.c.objc; path = Fetcher.m; sourceTree = "<group>"; };
/* End PBXFileReference section */

/* Begin PBXFrameworksBuildPhase section */
		40AEBF811DBCD87200AD95D1 /* Frameworks */ = {
			isa = PBXFrameworksBuildPhase;
			buildActionMask = 2147483647;
			files = (
			);
			runOnlyForDeploymentPostprocessing = 0;
		};
/* End PBXFrameworksBuildPhase section */

/* Begin PBXGroup section */
		40AEBF7B1DBCD87200AD95D1 = {
			isa = PBXGroup;
			children = (
				40AEBF861DBCD87200AD95D1 /* PhotosAppInterviewAssigment */,
				40AEBF851DBCD87200AD95D1 /* Products */,
			);
			sourceTree = "<group>";
		};
		40AEBF851DBCD87200AD95D1 /* Products */ = {
			isa = PBXGroup;
			children = (
				40AEBF841DBCD87200AD95D1 /* PhotosAppInterviewAssigment.app */,
			);
			name = Products;
			sourceTree = "<group>";
		};
		40AEBF861DBCD87200AD95D1 /* PhotosAppInterviewAssigment */ = {
			isa = PBXGroup;
			children = (
				40AEBF9E1DBCD8A600AD95D1 /* AssetInfoCollectionViewCell.h */,
				40AEBF9F1DBCD8A600AD95D1 /* AssetInfoCollectionViewCell.m */,
				40AEBFA11DBCD8BE00AD95D1 /* AssetsCollectionViewController.h */,
				40AEBFA21DBCD8BE00AD95D1 /* AssetsCollectionViewController.m */,
				40AEBFA41DBD0B6800AD95D1 /* Fetcher.h */,
				40AEBFA51DBD0B6800AD95D1 /* Fetcher.m */,
				40AEBF8A1DBCD87200AD95D1 /* AppDelegate.h */,
				40AEBF8B1DBCD87200AD95D1 /* AppDelegate.m */,
				40AEBF931DBCD87200AD95D1 /* Assets.xcassets */,
				40AEBF951DBCD87200AD95D1 /* LaunchScreen.storyboard */,
				40AEBF981DBCD87200AD95D1 /* Info.plist */,
				40AEBF871DBCD87200AD95D1 /* Supporting Files */,
			);
			path = PhotosAppInterviewAssigment;
			sourceTree = "<group>";
		};
		40AEBF871DBCD87200AD95D1 /* Supporting Files */ = {
			isa = PBXGroup;
			children = (
				40AEBF881DBCD87200AD95D1 /* main.m */,
			);
			name = "Supporting Files";
			sourceTree = "<group>";
		};
/* End PBXGroup section */

/* Begin PBXNativeTarget section */
		40AEBF831DBCD87200AD95D1 /* PhotosAppInterviewAssigment */ = {
			isa = PBXNativeTarget;
			buildConfigurationList = 40AEBF9B1DBCD87200AD95D1 /* Build configuration list for PBXNativeTarget "PhotosAppInterviewAssigment" */;
			buildPhases = (
				40AEBF801DBCD87200AD95D1 /* Sources */,
				40AEBF811DBCD87200AD95D1 /* Frameworks */,
				40AEBF821DBCD87200AD95D1 /* Resources */,
			);
			buildRules = (
			);
			dependencies = (
			);
			name = PhotosAppInterviewAssigment;
			productName = PhotosAppInterviewAssigment;
			productReference = 40AEBF841DBCD87200AD95D1 /* PhotosAppInterviewAssigment.app */;
			productType = "com.apple.product-type.application";
		};
/* End PBXNativeTarget section */

/* Begin PBXProject section */
		40AEBF7C1DBCD87200AD95D1 /* Project object */ = {
			isa = PBXProject;
			attributes = {
				LastUpgradeCheck = 0800;
				ORGANIZATIONNAME = "Mail.Ru Group";
				TargetAttributes = {
					40AEBF831DBCD87200AD95D1 = {
						CreatedOnToolsVersion = 8.0;
						DevelopmentTeam = 2U4JMVEN5R;
						ProvisioningStyle = Automatic;
					};
				};
			};
			buildConfigurationList = 40AEBF7F1DBCD87200AD95D1 /* Build configuration list for PBXProject "PhotosAppInterviewAssigment" */;
			compatibilityVersion = "Xcode 3.2";
			developmentRegion = English;
			hasScannedForEncodings = 0;
			knownRegions = (
				en,
				Base,
			);
			mainGroup = 40AEBF7B1DBCD87200AD95D1;
			productRefGroup = 40AEBF851DBCD87200AD95D1 /* Products */;
			projectDirPath = "";
			projectRoot = "";
			targets = (
				40AEBF831DBCD87200AD95D1 /* PhotosAppInterviewAssigment */,
			);
		};
/* End PBXProject section */

/* Begin PBXResourcesBuildPhase section */
		40AEBF821DBCD87200AD95D1 /* Resources */ = {
			isa = PBXResourcesBuildPhase;
			buildActionMask = 2147483647;
			files = (
				40AEBF971DBCD87200AD95D1 /* LaunchScreen.storyboard in Resources */,
				40AEBF941DBCD87200AD95D1 /* Assets.xcassets in Resources */,
			);
			runOnlyForDeploymentPostprocessing = 0;
		};
/* End PBXResourcesBuildPhase section */

/* Begin PBXSourcesBuildPhase section */
		40AEBF801DBCD87200AD95D1 /* Sources */ = {
			isa = PBXSourcesBuildPhase;
			buildActionMask = 2147483647;
			files = (
				40AEBFA01DBCD8A600AD95D1 /* AssetInfoCollectionViewCell.m in Sources */,
				40AEBF8C1DBCD87200AD95D1 /* AppDelegate.m in Sources */,
				40AEBFA31DBCD8BE00AD95D1 /* AssetsCollectionViewController.m in Sources */,
				40AEBFA61DBD0B6800AD95D1 /* Fetcher.m in Sources */,
				40AEBF891DBCD87200AD95D1 /* main.m in Sources */,
			);
			runOnlyForDeploymentPostprocessing = 0;
		};
/* End PBXSourcesBuildPhase section */

/* Begin PBXVariantGroup section */
		40AEBF951DBCD87200AD95D1 /* LaunchScreen.storyboard */ = {
			isa = PBXVariantGroup;
			children = (
				40AEBF961DBCD87200AD95D1 /* Base */,
			);
			name = LaunchScreen.storyboard;
			sourceTree = "<group>";
		};
/* End PBXVariantGroup section */

/* Begin XCBuildConfiguration section */
		40AEBF991DBCD87200AD95D1 /* Debug */ = {
			isa = XCBuildConfiguration;
			buildSettings = {
				ALWAYS_SEARCH_USER_PATHS = NO;
				CLANG_ANALYZER_NONNULL = YES;
				CLANG_CXX_LANGUAGE_STANDARD = "gnu++0x";
				CLANG_CXX_LIBRARY = "libc++";
				CLANG_ENABLE_MODULES = YES;
				CLANG_ENABLE_OBJC_ARC = YES;
				CLANG_WARN_BOOL_CONVERSION = YES;
				CLANG_WARN_CONSTANT_CONVERSION = YES;
				CLANG_WARN_DIRECT_OBJC_ISA_USAGE = YES_ERROR;
				CLANG_WARN_DOCUMENTATION_COMMENTS = YES;
				CLANG_WARN_EMPTY_BODY = YES;
				CLANG_WARN_ENUM_CONVERSION = YES;
				CLANG_WARN_INFINITE_RECURSION = YES;
				CLANG_WARN_INT_CONVERSION = YES;
				CLANG_WARN_OBJC_ROOT_CLASS = YES_ERROR;
				CLANG_WARN_SUSPICIOUS_MOVES = YES;
				CLANG_WARN_UNREACHABLE_CODE = YES;
				CLANG_WARN__DUPLICATE_METHOD_MATCH = YES;
				"CODE_SIGN_IDENTITY[sdk=iphoneos*]" = "iPhone Developer";
				COPY_PHASE_STRIP = NO;
				DEBUG_INFORMATION_FORMAT = dwarf;
				ENABLE_STRICT_OBJC_MSGSEND = YES;
				ENABLE_TESTABILITY = YES;
				GCC_C_LANGUAGE_STANDARD = gnu99;
				GCC_DYNAMIC_NO_PIC = NO;
				GCC_NO_COMMON_BLOCKS = YES;
				GCC_OPTIMIZATION_LEVEL = 0;
				GCC_PREPROCESSOR_DEFINITIONS = (
					"DEBUG=1",
					"$(inherited)",
				);
				GCC_WARN_64_TO_32_BIT_CONVERSION = YES;
				GCC_WARN_ABOUT_RETURN_TYPE = YES_ERROR;
				GCC_WARN_UNDECLARED_SELECTOR = YES;
				GCC_WARN_UNINITIALIZED_AUTOS = YES_AGGRESSIVE;
				GCC_WARN_UNUSED_FUNCTION = YES;
				GCC_WARN_UNUSED_VARIABLE = YES;
				IPHONEOS_DEPLOYMENT_TARGET = 10.0;
				MTL_ENABLE_DEBUG_INFO = YES;
				ONLY_ACTIVE_ARCH = YES;
				SDKROOT = iphoneos;
			};
			name = Debug;
		};
		40AEBF9A1DBCD87200AD95D1 /* Release */ = {
			isa = XCBuildConfiguration;
			buildSettings = {
				ALWAYS_SEARCH_USER_PATHS = NO;
				CLANG_ANALYZER_NONNULL = YES;
				CLANG_CXX_LANGUAGE_STANDARD = "gnu++0x";
				CLANG_CXX_LIBRARY = "libc++";
				CLANG_ENABLE_MODULES = YES;
				CLANG_ENABLE_OBJC_ARC = YES;
				CLANG_WARN_BOOL_CONVERSION = YES;
				CLANG_WARN_CONSTANT_CONVERSION = YES;
				CLANG_WARN_DIRECT_OBJC_ISA_USAGE = YES_ERROR;
				CLANG_WARN_DOCUMENTATION_COMMENTS = YES;
				CLANG_WARN_EMPTY_BODY = YES;
				CLANG_WARN_ENUM_CONVERSION = YES;
				CLANG_WARN_INFINITE_RECURSION = YES;
				CLANG_WARN_INT_CONVERSION = YES;
				CLANG_WARN_OBJC_ROOT_CLASS = YES_ERROR;
				CLANG_WARN_SUSPICIOUS_MOVES = YES;
				CLANG_WARN_UNREACHABLE_CODE = YES;
				CLANG_WARN__DUPLICATE_METHOD_MATCH = YES;
				"CODE_SIGN_IDENTITY[sdk=iphoneos*]" = "iPhone Developer";
				COPY_PHASE_STRIP = NO;
				DEBUG_INFORMATION_FORMAT = "dwarf-with-dsym";
				ENABLE_NS_ASSERTIONS = NO;
				ENABLE_STRICT_OBJC_MSGSEND = YES;
				GCC_C_LANGUAGE_STANDARD = gnu99;
				GCC_NO_COMMON_BLOCKS = YES;
				GCC_WARN_64_TO_32_BIT_CONVERSION = YES;
				GCC_WARN_ABOUT_RETURN_TYPE = YES_ERROR;
				GCC_WARN_UNDECLARED_SELECTOR = YES;
				GCC_WARN_UNINITIALIZED_AUTOS = YES_AGGRESSIVE;
				GCC_WARN_UNUSED_FUNCTION = YES;
				GCC_WARN_UNUSED_VARIABLE = YES;
				IPHONEOS_DEPLOYMENT_TARGET = 10.0;
				MTL_ENABLE_DEBUG_INFO = NO;
				SDKROOT = iphoneos;
				VALIDATE_PRODUCT = YES;
			};
			name = Release;
		};
		40AEBF9C1DBCD87200AD95D1 /* Debug */ = {
			isa = XCBuildConfiguration;
			buildSettings = {
				ASSETCATALOG_COMPILER_APPICON_NAME = AppIcon;
				DEVELOPMENT_TEAM = 2U4JMVEN5R;
				INFOPLIST_FILE = PhotosAppInterviewAssigment/Info.plist;
				IPHONEOS_DEPLOYMENT_TARGET = 9.0;
				LD_RUNPATH_SEARCH_PATHS = "$(inherited) @executable_path/Frameworks";
				PRODUCT_BUNDLE_IDENTIFIER = ru.mail.PhotosAppInterviewAssigment;
				PRODUCT_NAME = "$(TARGET_NAME)";
			};
			name = Debug;
		};
		40AEBF9D1DBCD87200AD95D1 /* Release */ = {
			isa = XCBuildConfiguration;
			buildSettings = {
				ASSETCATALOG_COMPILER_APPICON_NAME = AppIcon;
				DEVELOPMENT_TEAM = 2U4JMVEN5R;
				INFOPLIST_FILE = PhotosAppInterviewAssigment/Info.plist;
				IPHONEOS_DEPLOYMENT_TARGET = 9.0;
				LD_RUNPATH_SEARCH_PATHS = "$(inherited) @executable_path/Frameworks";
				PRODUCT_BUNDLE_IDENTIFIER = ru.mail.PhotosAppInterviewAssigment;
				PRODUCT_NAME = "$(TARGET_NAME)";
			};
			name = Release;
		};
/* End XCBuildConfiguration section */

/* Begin XCConfigurationList section */
		40AEBF7F1DBCD87200AD95D1 /* Build configuration list for PBXProject "PhotosAppInterviewAssigment" */ = {
			isa = XCConfigurationList;
			buildConfigurations = (
				40AEBF991DBCD87200AD95D1 /* Debug */,
				40AEBF9A1DBCD87200AD95D1 /* Release */,
			);
			defaultConfigurationIsVisible = 0;
			defaultConfigurationName = Release;
		};
		40AEBF9B1DBCD87200AD95D1 /* Build configuration list for PBXNativeTarget "PhotosAppInterviewAssigment" */ = {
			isa = XCConfigurationList;
			buildConfigurations = (
				40AEBF9C1DBCD87200AD95D1 /* Debug */,
				40AEBF9D1DBCD87200AD95D1 /* Release */,
			);
			defaultConfigurationIsVisible = 0;
		};
/* End XCConfigurationList section */
	};
	rootObject = 40AEBF7C1DBCD87200AD95D1 /* Project object */;
}
